{
  "name": "genezio",
  "lockfileVersion": 3,
  "requires": true,
  "packages": {
    "": {
      "dependencies": {
        "@genezio/auth": "^2.0.19"
      }
    },
    "node_modules/@genezio/auth": {
      "version": "2.0.19",
      "resolved": "https://registry.npmjs.org/@genezio/auth/-/auth-2.0.19.tgz",
      "integrity": "sha512-V6EORUezhdYPRrccBtnIWbU5GbHBaHOYHAErg2FuwakRkuxpHjMEgMbtMVKzqclsUZ23FOfd+jmbrwgruW/NjQ==",
      "bundleDependencies": [
        "genezio-remote"
      ],
      "dependencies": {
        "genezio-remote": "1.0.0"
      }
    },
    "node_modules/@genezio/auth/node_modules/genezio-remote": {
      "version": "1.0.0",
      "inBundle": true
    }
  }
}
